
Microsoft Visual Studio Solution File, Format Version 12.00
# Visual Studio 15
VisualStudioVersion = 15.0.26730.16
MinimumVisualStudioVersion = 10.0.40219.1
Project("{FAE04EC0-301F-11D3-BF4B-00C04F79EFBC}") = "PublishToRelativityConsole", "PublishToRelativityConsole\PublishToRelativityConsole.csproj", "{286B7D76-D372-4B9A-B430-E4C6EA8446A2}"
EndProject
Global
	GlobalSection(SolutionConfigurationPlatforms) = preSolution
		Debug|Any CPU = Debug|Any CPU
		Release|Any CPU = Release|Any CPU
	EndGlobalSection
	GlobalSection(ProjectConfigurationPlatforms) = postSolution
		{286B7D76-D372-4B9A-B430-E4C6EA8446A2}.Debug|Any CPU.ActiveCfg = Debug|Any CPU
		{286B7D76-D372-4B9A-B430-E4C6EA8446A2}.Debug|Any CPU.Build.0 = Debug|Any CPU
		{286B7D76-D372-4B9A-B430-E4C6EA8446A2}.Release|Any CPU.ActiveCfg = Release|Any CPU
		{286B7D76-D372-4B9A-B430-E4C6EA8446A2}.Release|Any CPU.Build.0 = Release|Any CPU
	EndGlobalSection
	GlobalSection(SolutionProperties) = preSolution
		HideSolutionNode = FALSE
	EndGlobalSection
	GlobalSection(ExtensibilityGlobals) = postSolution
		SolutionGuid = {89473A06-3045-47F0-9CB1-76EDEB4FC1E4}
	EndGlobalSection
EndGlobal
